// !$*UTF8*$!
{
	archiveVersion = 1;
	classes = {
	};
	objectVersion = 77;
	objects = {

/* Begin PBXBuildFile section */
		6C2763542D11DDF8008634D6 /* SwiftmasData in Frameworks */ = {isa = PBXBuildFile; productRef = 6C2763532D11DDF8008634D6 /* SwiftmasData */; };
		6C2763562D11DDFE008634D6 /* SwiftmasUI in Frameworks */ = {isa = PBXBuildFile; productRef = 6C2763552D11DDFE008634D6 /* SwiftmasUI */; };
		6C27636C2D11E1A8008634D6 /* HomeView.swift in Sources */ = {isa = PBXBuildFile; fileRef = 6C2763652D11E1A8008634D6 /* HomeView.swift */; };
		6C27636D2D11E1A8008634D6 /* NavigationTitle.swift in Sources */ = {isa = PBXBuildFile; fileRef = 6C2763662D11E1A8008634D6 /* NavigationTitle.swift */; };
		6C27636E2D11E1A8008634D6 /* ChristmasCountdown.swift in Sources */ = {isa = PBXBuildFile; fileRef = 6C2763672D11E1A8008634D6 /* ChristmasCountdown.swift */; };
		6C27636F2D11E1A8008634D6 /* ChristmasChecklist.swift in Sources */ = {isa = PBXBuildFile; fileRef = 6C2763692D11E1A8008634D6 /* ChristmasChecklist.swift */; };
		6CAA6DC32D12CE5900161EDC /* ToggleChecklistButton.swift in Sources */ = {isa = PBXBuildFile; fileRef = 6CAA6DC22D12CE5600161EDC /* ToggleChecklistButton.swift */; };
		6CFB581F2D09F2D70075FAEA /* WidgetKit.framework in Frameworks */ = {isa = PBXBuildFile; fileRef = 6CFB581E2D09F2D70075FAEA /* WidgetKit.framework */; };
		6CFB58212D09F2D70075FAEA /* SwiftUI.framework in Frameworks */ = {isa = PBXBuildFile; fileRef = 6CFB58202D09F2D70075FAEA /* SwiftUI.framework */; };
		6CFB58302D09F2D80075FAEA /* SwiftmasWidgetsExtension.appex in Embed Foundation Extensions */ = {isa = PBXBuildFile; fileRef = 6CFB581C2D09F2D70075FAEA /* SwiftmasWidgetsExtension.appex */; settings = {ATTRIBUTES = (RemoveHeadersOnCopy, ); }; };
		6CFB583C2D09F3010075FAEA /* ContentView.swift in Sources */ = {isa = PBXBuildFile; fileRef = 6CFB58392D09F3010075FAEA /* ContentView.swift */; };
		6CFB583D2D09F3010075FAEA /* SwiftmasApp.swift in Sources */ = {isa = PBXBuildFile; fileRef = 6CFB583A2D09F3010075FAEA /* SwiftmasApp.swift */; };
		6CFB583E2D09F3010075FAEA /* Preview Assets.xcassets in Resources */ = {isa = PBXBuildFile; fileRef = 6CFB58362D09F3010075FAEA /* Preview Assets.xcassets */; };
		6CFB583F2D09F3010075FAEA /* Assets.xcassets in Resources */ = {isa = PBXBuildFile; fileRef = 6CFB58382D09F3010075FAEA /* Assets.xcassets */; };
		6CFB58472D09F3040075FAEA /* Assets.xcassets in Resources */ = {isa = PBXBuildFile; fileRef = 6CFB58402D09F3040075FAEA /* Assets.xcassets */; };
		6CFB58492D09F3040075FAEA /* SwiftmasWidgets.swift in Sources */ = {isa = PBXBuildFile; fileRef = 6CFB58422D09F3040075FAEA /* SwiftmasWidgets.swift */; };
		6CFB584A2D09F3040075FAEA /* SwiftmasWidgetsBundle.swift in Sources */ = {isa = PBXBuildFile; fileRef = 6CFB58432D09F3040075FAEA /* SwiftmasWidgetsBundle.swift */; };
		6CFB584B2D09F3040075FAEA /* SwiftmasWidgetsControl.swift in Sources */ = {isa = PBXBuildFile; fileRef = 6CFB58442D09F3040075FAEA /* SwiftmasWidgetsControl.swift */; };
		6CFB584C2D09F3040075FAEA /* SwiftmasWidgetsLiveActivity.swift in Sources */ = {isa = PBXBuildFile; fileRef = 6CFB58452D09F3040075FAEA /* SwiftmasWidgetsLiveActivity.swift */; };
/* End PBXBuildFile section */

/* Begin PBXContainerItemProxy section */
		6CFB582E2D09F2D80075FAEA /* PBXContainerItemProxy */ = {
			isa = PBXContainerItemProxy;
			containerPortal = 6CFB57FF2D09EE640075FAEA /* Project object */;
			proxyType = 1;
			remoteGlobalIDString = 6CFB581B2D09F2D70075FAEA;
			remoteInfo = SwiftmasWidgetsExtension;
		};
/* End PBXContainerItemProxy section */

/* Begin PBXCopyFilesBuildPhase section */
		6CFB58352D09F2D80075FAEA /* Embed Foundation Extensions */ = {
			isa = PBXCopyFilesBuildPhase;
			buildActionMask = 2147483647;
			dstPath = "";
			dstSubfolderSpec = 13;
			files = (
				6CFB58302D09F2D80075FAEA /* SwiftmasWidgetsExtension.appex in Embed Foundation Extensions */,
			);
			name = "Embed Foundation Extensions";
			runOnlyForDeploymentPostprocessing = 0;
		};
/* End PBXCopyFilesBuildPhase section */

/* Begin PBXFileReference section */
		6C2763302D11D578008634D6 /* SwiftmasData */ = {isa = PBXFileReference; lastKnownFileType = wrapper; name = SwiftmasData; path = Packages/SwiftmasData; sourceTree = "<group>"; };
		6C27634D2D11D6E2008634D6 /* SwiftmasUI */ = {isa = PBXFileReference; lastKnownFileType = wrapper; name = SwiftmasUI; path = Packages/SwiftmasUI; sourceTree = "<group>"; };
		6C2763652D11E1A8008634D6 /* HomeView.swift */ = {isa = PBXFileReference; lastKnownFileType = sourcecode.swift; path = HomeView.swift; sourceTree = "<group>"; };
		6C2763662D11E1A8008634D6 /* NavigationTitle.swift */ = {isa = PBXFileReference; lastKnownFileType = sourcecode.swift; path = NavigationTitle.swift; sourceTree = "<group>"; };
		6C2763672D11E1A8008634D6 /* ChristmasCountdown.swift */ = {isa = PBXFileReference; lastKnownFileType = sourcecode.swift; path = ChristmasCountdown.swift; sourceTree = "<group>"; };
		6C2763692D11E1A8008634D6 /* ChristmasChecklist.swift */ = {isa = PBXFileReference; lastKnownFileType = sourcecode.swift; path = ChristmasChecklist.swift; sourceTree = "<group>"; };
		6CAA6DC22D12CE5600161EDC /* ToggleChecklistButton.swift */ = {isa = PBXFileReference; lastKnownFileType = sourcecode.swift; path = ToggleChecklistButton.swift; sourceTree = "<group>"; };
		6CFB58072D09EE640075FAEA /* Swiftmas.app */ = {isa = PBXFileReference; explicitFileType = wrapper.application; includeInIndex = 0; path = Swiftmas.app; sourceTree = BUILT_PRODUCTS_DIR; };
		6CFB581C2D09F2D70075FAEA /* SwiftmasWidgetsExtension.appex */ = {isa = PBXFileReference; explicitFileType = "wrapper.app-extension"; includeInIndex = 0; path = SwiftmasWidgetsExtension.appex; sourceTree = BUILT_PRODUCTS_DIR; };
		6CFB581E2D09F2D70075FAEA /* WidgetKit.framework */ = {isa = PBXFileReference; lastKnownFileType = wrapper.framework; name = WidgetKit.framework; path = System/Library/Frameworks/WidgetKit.framework; sourceTree = SDKROOT; };
		6CFB58202D09F2D70075FAEA /* SwiftUI.framework */ = {isa = PBXFileReference; lastKnownFileType = wrapper.framework; name = SwiftUI.framework; path = System/Library/Frameworks/SwiftUI.framework; sourceTree = SDKROOT; };
		6CFB58362D09F3010075FAEA /* Preview Assets.xcassets */ = {isa = PBXFileReference; lastKnownFileType = folder.assetcatalog; path = "Preview Assets.xcassets"; sourceTree = "<group>"; };
		6CFB58382D09F3010075FAEA /* Assets.xcassets */ = {isa = PBXFileReference; lastKnownFileType = folder.assetcatalog; path = Assets.xcassets; sourceTree = "<group>"; };
		6CFB58392D09F3010075FAEA /* ContentView.swift */ = {isa = PBXFileReference; lastKnownFileType = sourcecode.swift; path = ContentView.swift; sourceTree = "<group>"; };
		6CFB583A2D09F3010075FAEA /* SwiftmasApp.swift */ = {isa = PBXFileReference; lastKnownFileType = sourcecode.swift; path = SwiftmasApp.swift; sourceTree = "<group>"; };
		6CFB58402D09F3040075FAEA /* Assets.xcassets */ = {isa = PBXFileReference; lastKnownFileType = folder.assetcatalog; path = Assets.xcassets; sourceTree = "<group>"; };
		6CFB58412D09F3040075FAEA /* Info.plist */ = {isa = PBXFileReference; lastKnownFileType = text.plist.xml; path = Info.plist; sourceTree = "<group>"; };
		6CFB58422D09F3040075FAEA /* SwiftmasWidgets.swift */ = {isa = PBXFileReference; lastKnownFileType = sourcecode.swift; path = SwiftmasWidgets.swift; sourceTree = "<group>"; };
		6CFB58432D09F3040075FAEA /* SwiftmasWidgetsBundle.swift */ = {isa = PBXFileReference; lastKnownFileType = sourcecode.swift; path = SwiftmasWidgetsBundle.swift; sourceTree = "<group>"; };
		6CFB58442D09F3040075FAEA /* SwiftmasWidgetsControl.swift */ = {isa = PBXFileReference; lastKnownFileType = sourcecode.swift; path = SwiftmasWidgetsControl.swift; sourceTree = "<group>"; };
		6CFB58452D09F3040075FAEA /* SwiftmasWidgetsLiveActivity.swift */ = {isa = PBXFileReference; lastKnownFileType = sourcecode.swift; path = SwiftmasWidgetsLiveActivity.swift; sourceTree = "<group>"; };
/* End PBXFileReference section */

/* Begin PBXFrameworksBuildPhase section */
		6CFB58042D09EE640075FAEA /* Frameworks */ = {
			isa = PBXFrameworksBuildPhase;
			buildActionMask = 2147483647;
			files = (
				6C2763562D11DDFE008634D6 /* SwiftmasUI in Frameworks */,
				6C2763542D11DDF8008634D6 /* SwiftmasData in Frameworks */,
			);
			runOnlyForDeploymentPostprocessing = 0;
		};
		6CFB58192D09F2D70075FAEA /* Frameworks */ = {
			isa = PBXFrameworksBuildPhase;
			buildActionMask = 2147483647;
			files = (
				6CFB58212D09F2D70075FAEA /* SwiftUI.framework in Frameworks */,
				6CFB581F2D09F2D70075FAEA /* WidgetKit.framework in Frameworks */,
			);
			runOnlyForDeploymentPostprocessing = 0;
		};
/* End PBXFrameworksBuildPhase section */

/* Begin PBXGroup section */
		6C2763682D11E1A8008634D6 /* Home */ = {
			isa = PBXGroup;
			children = (
				6C2763652D11E1A8008634D6 /* HomeView.swift */,
				6C2763662D11E1A8008634D6 /* NavigationTitle.swift */,
				6C2763672D11E1A8008634D6 /* ChristmasCountdown.swift */,
				6CAA6DC22D12CE5600161EDC /* ToggleChecklistButton.swift */,
			);
			path = Home;
			sourceTree = "<group>";
		};
		6C27636A2D11E1A8008634D6 /* ChristmasChecklist */ = {
			isa = PBXGroup;
			children = (
				6C2763692D11E1A8008634D6 /* ChristmasChecklist.swift */,
			);
			path = ChristmasChecklist;
			sourceTree = "<group>";
		};
		6C27636B2D11E1A8008634D6 /* Activities */ = {
			isa = PBXGroup;
			children = (
				6C2763682D11E1A8008634D6 /* Home */,
				6C27636A2D11E1A8008634D6 /* ChristmasChecklist */,
			);
			path = Activities;
			sourceTree = "<group>";
		};
		6CFB57FE2D09EE640075FAEA = {
			isa = PBXGroup;
			children = (
				6CFB583B2D09F3010075FAEA /* Swiftmas */,
				6C2763302D11D578008634D6 /* SwiftmasData */,
				6C27634D2D11D6E2008634D6 /* SwiftmasUI */,
				6CFB58462D09F3040075FAEA /* Widgets */,
				6CFB581D2D09F2D70075FAEA /* Frameworks */,
				6CFB58082D09EE640075FAEA /* Products */,
			);
			sourceTree = "<group>";
		};
		6CFB58082D09EE640075FAEA /* Products */ = {
			isa = PBXGroup;
			children = (
				6CFB58072D09EE640075FAEA /* Swiftmas.app */,
				6CFB581C2D09F2D70075FAEA /* SwiftmasWidgetsExtension.appex */,
			);
			name = Products;
			sourceTree = "<group>";
		};
		6CFB581D2D09F2D70075FAEA /* Frameworks */ = {
			isa = PBXGroup;
			children = (
				6CFB581E2D09F2D70075FAEA /* WidgetKit.framework */,
				6CFB58202D09F2D70075FAEA /* SwiftUI.framework */,
			);
			name = Frameworks;
			sourceTree = "<group>";
		};
		6CFB58372D09F3010075FAEA /* Preview Content */ = {
			isa = PBXGroup;
			children = (
				6CFB58362D09F3010075FAEA /* Preview Assets.xcassets */,
			);
			path = "Preview Content";
			sourceTree = "<group>";
		};
		6CFB583B2D09F3010075FAEA /* Swiftmas */ = {
			isa = PBXGroup;
			children = (
				6CFB583A2D09F3010075FAEA /* SwiftmasApp.swift */,
				6CFB58392D09F3010075FAEA /* ContentView.swift */,
				6C27636B2D11E1A8008634D6 /* Activities */,
				6CFB58382D09F3010075FAEA /* Assets.xcassets */,
				6CFB58372D09F3010075FAEA /* Preview Content */,
			);
			path = Swiftmas;
			sourceTree = "<group>";
		};
		6CFB58462D09F3040075FAEA /* Widgets */ = {
			isa = PBXGroup;
			children = (
				6CFB58432D09F3040075FAEA /* SwiftmasWidgetsBundle.swift */,
				6CFB58422D09F3040075FAEA /* SwiftmasWidgets.swift */,
				6CFB58442D09F3040075FAEA /* SwiftmasWidgetsControl.swift */,
				6CFB58452D09F3040075FAEA /* SwiftmasWidgetsLiveActivity.swift */,
				6CFB58402D09F3040075FAEA /* Assets.xcassets */,
				6CFB58412D09F3040075FAEA /* Info.plist */,
			);
			path = Widgets;
			sourceTree = "<group>";
		};
/* End PBXGroup section */

/* Begin PBXNativeTarget section */
		6CFB58062D09EE640075FAEA /* Swiftmas */ = {
			isa = PBXNativeTarget;
			buildConfigurationList = 6CFB58152D09EE640075FAEA /* Build configuration list for PBXNativeTarget "Swiftmas" */;
			buildPhases = (
				6CFB58032D09EE640075FAEA /* Sources */,
				6CFB58042D09EE640075FAEA /* Frameworks */,
				6CFB58052D09EE640075FAEA /* Resources */,
				6CFB58352D09F2D80075FAEA /* Embed Foundation Extensions */,
			);
			buildRules = (
			);
			dependencies = (
				6CFB582F2D09F2D80075FAEA /* PBXTargetDependency */,
			);
			name = Swiftmas;
			packageProductDependencies = (
				6C2763532D11DDF8008634D6 /* SwiftmasData */,
				6C2763552D11DDFE008634D6 /* SwiftmasUI */,
			);
			productName = Swiftmas;
			productReference = 6CFB58072D09EE640075FAEA /* Swiftmas.app */;
			productType = "com.apple.product-type.application";
		};
		6CFB581B2D09F2D70075FAEA /* SwiftmasWidgetsExtension */ = {
			isa = PBXNativeTarget;
			buildConfigurationList = 6CFB58322D09F2D80075FAEA /* Build configuration list for PBXNativeTarget "SwiftmasWidgetsExtension" */;
			buildPhases = (
				6CFB58182D09F2D70075FAEA /* Sources */,
				6CFB58192D09F2D70075FAEA /* Frameworks */,
				6CFB581A2D09F2D70075FAEA /* Resources */,
			);
			buildRules = (
			);
			dependencies = (
			);
			name = SwiftmasWidgetsExtension;
			packageProductDependencies = (
			);
			productName = SwiftmasWidgetsExtension;
			productReference = 6CFB581C2D09F2D70075FAEA /* SwiftmasWidgetsExtension.appex */;
			productType = "com.apple.product-type.app-extension";
		};
/* End PBXNativeTarget section */

/* Begin PBXProject section */
		6CFB57FF2D09EE640075FAEA /* Project object */ = {
			isa = PBXProject;
			attributes = {
				BuildIndependentTargetsInParallel = 1;
				LastSwiftUpdateCheck = 1610;
				LastUpgradeCheck = 1610;
				TargetAttributes = {
					6CFB58062D09EE640075FAEA = {
						CreatedOnToolsVersion = 16.1;
					};
					6CFB581B2D09F2D70075FAEA = {
						CreatedOnToolsVersion = 16.1;
					};
				};
			};
			buildConfigurationList = 6CFB58022D09EE640075FAEA /* Build configuration list for PBXProject "Swiftmas" */;
			developmentRegion = en;
			hasScannedForEncodings = 0;
			knownRegions = (
				en,
				Base,
			);
			mainGroup = 6CFB57FE2D09EE640075FAEA;
			minimizedProjectReferenceProxies = 1;
			preferredProjectObjectVersion = 77;
			productRefGroup = 6CFB58082D09EE640075FAEA /* Products */;
			projectDirPath = "";
			projectRoot = "";
			targets = (
				6CFB58062D09EE640075FAEA /* Swiftmas */,
				6CFB581B2D09F2D70075FAEA /* SwiftmasWidgetsExtension */,
			);
		};
/* End PBXProject section */

/* Begin PBXResourcesBuildPhase section */
		6CFB58052D09EE640075FAEA /* Resources */ = {
			isa = PBXResourcesBuildPhase;
			buildActionMask = 2147483647;
			files = (
				6CFB583E2D09F3010075FAEA /* Preview Assets.xcassets in Resources */,
				6CFB583F2D09F3010075FAEA /* Assets.xcassets in Resources */,
			);
			runOnlyForDeploymentPostprocessing = 0;
		};
		6CFB581A2D09F2D70075FAEA /* Resources */ = {
			isa = PBXResourcesBuildPhase;
			buildActionMask = 2147483647;
			files = (
				6CFB58472D09F3040075FAEA /* Assets.xcassets in Resources */,
			);
			runOnlyForDeploymentPostprocessing = 0;
		};
/* End PBXResourcesBuildPhase section */

/* Begin PBXSourcesBuildPhase section */
		6CFB58032D09EE640075FAEA /* Sources */ = {
			isa = PBXSourcesBuildPhase;
			buildActionMask = 2147483647;
			files = (
				6CAA6DC32D12CE5900161EDC /* ToggleChecklistButton.swift in Sources */,
				6C27636C2D11E1A8008634D6 /* HomeView.swift in Sources */,
				6C27636D2D11E1A8008634D6 /* NavigationTitle.swift in Sources */,
				6C27636E2D11E1A8008634D6 /* ChristmasCountdown.swift in Sources */,
				6C27636F2D11E1A8008634D6 /* ChristmasChecklist.swift in Sources */,
				6CFB583C2D09F3010075FAEA /* ContentView.swift in Sources */,
				6CFB583D2D09F3010075FAEA /* SwiftmasApp.swift in Sources */,
			);
			runOnlyForDeploymentPostprocessing = 0;
		};
		6CFB58182D09F2D70075FAEA /* Sources */ = {
			isa = PBXSourcesBuildPhase;
			buildActionMask = 2147483647;
			files = (
				6CFB58492D09F3040075FAEA /* SwiftmasWidgets.swift in Sources */,
				6CFB584A2D09F3040075FAEA /* SwiftmasWidgetsBundle.swift in Sources */,
				6CFB584B2D09F3040075FAEA /* SwiftmasWidgetsControl.swift in Sources */,
				6CFB584C2D09F3040075FAEA /* SwiftmasWidgetsLiveActivity.swift in Sources */,
			);
			runOnlyForDeploymentPostprocessing = 0;
		};
/* End PBXSourcesBuildPhase section */

/* Begin PBXTargetDependency section */
		6CFB582F2D09F2D80075FAEA /* PBXTargetDependency */ = {
			isa = PBXTargetDependency;
			target = 6CFB581B2D09F2D70075FAEA /* SwiftmasWidgetsExtension */;
			targetProxy = 6CFB582E2D09F2D80075FAEA /* PBXContainerItemProxy */;
		};
/* End PBXTargetDependency section */

/* Begin XCBuildConfiguration section */
		6CFB58132D09EE640075FAEA /* Debug */ = {
			isa = XCBuildConfiguration;
			buildSettings = {
				ALWAYS_SEARCH_USER_PATHS = NO;
				ASSETCATALOG_COMPILER_GENERATE_SWIFT_ASSET_SYMBOL_EXTENSIONS = YES;
				CLANG_ANALYZER_NONNULL = YES;
				CLANG_ANALYZER_NUMBER_OBJECT_CONVERSION = YES_AGGRESSIVE;
				CLANG_CXX_LANGUAGE_STANDARD = "gnu++20";
				CLANG_ENABLE_MODULES = YES;
				CLANG_ENABLE_OBJC_ARC = YES;
				CLANG_ENABLE_OBJC_WEAK = YES;
				CLANG_WARN_BLOCK_CAPTURE_AUTORELEASING = YES;
				CLANG_WARN_BOOL_CONVERSION = YES;
				CLANG_WARN_COMMA = YES;
				CLANG_WARN_CONSTANT_CONVERSION = YES;
				CLANG_WARN_DEPRECATED_OBJC_IMPLEMENTATIONS = YES;
				CLANG_WARN_DIRECT_OBJC_ISA_USAGE = YES_ERROR;
				CLANG_WARN_DOCUMENTATION_COMMENTS = YES;
				CLANG_WARN_EMPTY_BODY = YES;
				CLANG_WARN_ENUM_CONVERSION = YES;
				CLANG_WARN_INFINITE_RECURSION = YES;
				CLANG_WARN_INT_CONVERSION = YES;
				CLANG_WARN_NON_LITERAL_NULL_CONVERSION = YES;
				CLANG_WARN_OBJC_IMPLICIT_RETAIN_SELF = YES;
				CLANG_WARN_OBJC_LITERAL_CONVERSION = YES;
				CLANG_WARN_OBJC_ROOT_CLASS = YES_ERROR;
				CLANG_WARN_QUOTED_INCLUDE_IN_FRAMEWORK_HEADER = YES;
				CLANG_WARN_RANGE_LOOP_ANALYSIS = YES;
				CLANG_WARN_STRICT_PROTOTYPES = YES;
				CLANG_WARN_SUSPICIOUS_MOVE = YES;
				CLANG_WARN_UNGUARDED_AVAILABILITY = YES_AGGRESSIVE;
				CLANG_WARN_UNREACHABLE_CODE = YES;
				CLANG_WARN__DUPLICATE_METHOD_MATCH = YES;
				COPY_PHASE_STRIP = NO;
				DEBUG_INFORMATION_FORMAT = dwarf;
				ENABLE_STRICT_OBJC_MSGSEND = YES;
				ENABLE_TESTABILITY = YES;
				ENABLE_USER_SCRIPT_SANDBOXING = YES;
				GCC_C_LANGUAGE_STANDARD = gnu17;
				GCC_DYNAMIC_NO_PIC = NO;
				GCC_NO_COMMON_BLOCKS = YES;
				GCC_OPTIMIZATION_LEVEL = 0;
				GCC_PREPROCESSOR_DEFINITIONS = (
					"DEBUG=1",
					"$(inherited)",
				);
				GCC_WARN_64_TO_32_BIT_CONVERSION = YES;
				GCC_WARN_ABOUT_RETURN_TYPE = YES_ERROR;
				GCC_WARN_UNDECLARED_SELECTOR = YES;
				GCC_WARN_UNINITIALIZED_AUTOS = YES_AGGRESSIVE;
				GCC_WARN_UNUSED_FUNCTION = YES;
				GCC_WARN_UNUSED_VARIABLE = YES;
				IPHONEOS_DEPLOYMENT_TARGET = 18.1;
				LOCALIZATION_PREFERS_STRING_CATALOGS = YES;
				MTL_ENABLE_DEBUG_INFO = INCLUDE_SOURCE;
				MTL_FAST_MATH = YES;
				ONLY_ACTIVE_ARCH = YES;
				SDKROOT = iphoneos;
				SWIFT_ACTIVE_COMPILATION_CONDITIONS = "DEBUG $(inherited)";
				SWIFT_OPTIMIZATION_LEVEL = "-Onone";
			};
			name = Debug;
		};
		6CFB58142D09EE640075FAEA /* Release */ = {
			isa = XCBuildConfiguration;
			buildSettings = {
				ALWAYS_SEARCH_USER_PATHS = NO;
				ASSETCATALOG_COMPILER_GENERATE_SWIFT_ASSET_SYMBOL_EXTENSIONS = YES;
				CLANG_ANALYZER_NONNULL = YES;
				CLANG_ANALYZER_NUMBER_OBJECT_CONVERSION = YES_AGGRESSIVE;
				CLANG_CXX_LANGUAGE_STANDARD = "gnu++20";
				CLANG_ENABLE_MODULES = YES;
				CLANG_ENABLE_OBJC_ARC = YES;
				CLANG_ENABLE_OBJC_WEAK = YES;
				CLANG_WARN_BLOCK_CAPTURE_AUTORELEASING = YES;
				CLANG_WARN_BOOL_CONVERSION = YES;
				CLANG_WARN_COMMA = YES;
				CLANG_WARN_CONSTANT_CONVERSION = YES;
				CLANG_WARN_DEPRECATED_OBJC_IMPLEMENTATIONS = YES;
				CLANG_WARN_DIRECT_OBJC_ISA_USAGE = YES_ERROR;
				CLANG_WARN_DOCUMENTATION_COMMENTS = YES;
				CLANG_WARN_EMPTY_BODY = YES;
				CLANG_WARN_ENUM_CONVERSION = YES;
				CLANG_WARN_INFINITE_RECURSION = YES;
				CLANG_WARN_INT_CONVERSION = YES;
				CLANG_WARN_NON_LITERAL_NULL_CONVERSION = YES;
				CLANG_WARN_OBJC_IMPLICIT_RETAIN_SELF = YES;
				CLANG_WARN_OBJC_LITERAL_CONVERSION = YES;
				CLANG_WARN_OBJC_ROOT_CLASS = YES_ERROR;
				CLANG_WARN_QUOTED_INCLUDE_IN_FRAMEWORK_HEADER = YES;
				CLANG_WARN_RANGE_LOOP_ANALYSIS = YES;
				CLANG_WARN_STRICT_PROTOTYPES = YES;
				CLANG_WARN_SUSPICIOUS_MOVE = YES;
				CLANG_WARN_UNGUARDED_AVAILABILITY = YES_AGGRESSIVE;
				CLANG_WARN_UNREACHABLE_CODE = YES;
				CLANG_WARN__DUPLICATE_METHOD_MATCH = YES;
				COPY_PHASE_STRIP = NO;
				DEBUG_INFORMATION_FORMAT = "dwarf-with-dsym";
				ENABLE_NS_ASSERTIONS = NO;
				ENABLE_STRICT_OBJC_MSGSEND = YES;
				ENABLE_USER_SCRIPT_SANDBOXING = YES;
				GCC_C_LANGUAGE_STANDARD = gnu17;
				GCC_NO_COMMON_BLOCKS = YES;
				GCC_WARN_64_TO_32_BIT_CONVERSION = YES;
				GCC_WARN_ABOUT_RETURN_TYPE = YES_ERROR;
				GCC_WARN_UNDECLARED_SELECTOR = YES;
				GCC_WARN_UNINITIALIZED_AUTOS = YES_AGGRESSIVE;
				GCC_WARN_UNUSED_FUNCTION = YES;
				GCC_WARN_UNUSED_VARIABLE = YES;
				IPHONEOS_DEPLOYMENT_TARGET = 18.1;
				LOCALIZATION_PREFERS_STRING_CATALOGS = YES;
				MTL_ENABLE_DEBUG_INFO = NO;
				MTL_FAST_MATH = YES;
				SDKROOT = iphoneos;
				SWIFT_COMPILATION_MODE = wholemodule;
				VALIDATE_PRODUCT = YES;
			};
			name = Release;
		};
		6CFB58162D09EE640075FAEA /* Debug */ = {
			isa = XCBuildConfiguration;
			buildSettings = {
				ASSETCATALOG_COMPILER_APPICON_NAME = AppIcon;
				ASSETCATALOG_COMPILER_GLOBAL_ACCENT_COLOR_NAME = AccentColor;
				CODE_SIGN_STYLE = Automatic;
				CURRENT_PROJECT_VERSION = 1;
				DEVELOPMENT_ASSET_PATHS = "\"Swiftmas/Preview Content\"";
				DEVELOPMENT_TEAM = 6N3WR99Z4W;
				ENABLE_PREVIEWS = YES;
				GENERATE_INFOPLIST_FILE = NO;
				INFOPLIST_FILE = Swiftmas/Info.plist;
				INFOPLIST_KEY_NSLocationWhenInUseUsageDescription = "Santa needs to find you!";
				INFOPLIST_KEY_UIApplicationSceneManifest_Generation = YES;
				INFOPLIST_KEY_UIApplicationSupportsIndirectInputEvents = YES;
				INFOPLIST_KEY_UILaunchScreen_Generation = YES;
				INFOPLIST_KEY_UISupportedInterfaceOrientations = UIInterfaceOrientationPortrait;
				INFOPLIST_KEY_UISupportedInterfaceOrientations_iPad = "UIInterfaceOrientationLandscapeLeft UIInterfaceOrientationLandscapeRight UIInterfaceOrientationPortrait UIInterfaceOrientationPortraitUpsideDown";
				LD_RUNPATH_SEARCH_PATHS = (
					"$(inherited)",
					"@executable_path/Frameworks",
				);
				MARKETING_VERSION = 1.0;
				PRODUCT_BUNDLE_IDENTIFIER = com.alessiobrusco.Swiftmas;
				PRODUCT_NAME = "$(TARGET_NAME)";
				SUPPORTED_PLATFORMS = "iphoneos iphonesimulator";
				SUPPORTS_MACCATALYST = NO;
				SWIFT_EMIT_LOC_STRINGS = YES;
				SWIFT_VERSION = 5.0;
				TARGETED_DEVICE_FAMILY = 1;
			};
			name = Debug;
		};
		6CFB58172D09EE640075FAEA /* Release */ = {
			isa = XCBuildConfiguration;
			buildSettings = {
				ASSETCATALOG_COMPILER_APPICON_NAME = AppIcon;
				ASSETCATALOG_COMPILER_GLOBAL_ACCENT_COLOR_NAME = AccentColor;
				CODE_SIGN_STYLE = Automatic;
				CURRENT_PROJECT_VERSION = 1;
				DEVELOPMENT_ASSET_PATHS = "\"Swiftmas/Preview Content\"";
				DEVELOPMENT_TEAM = 6N3WR99Z4W;
				ENABLE_PREVIEWS = YES;
				GENERATE_INFOPLIST_FILE = NO;
				INFOPLIST_FILE = Swiftmas/Info.plist;
				INFOPLIST_KEY_NSLocationWhenInUseUsageDescription = "Santa needs to find you!";
				INFOPLIST_KEY_UIApplicationSceneManifest_Generation = YES;
				INFOPLIST_KEY_UIApplicationSupportsIndirectInputEvents = YES;
				INFOPLIST_KEY_UILaunchScreen_Generation = YES;
				INFOPLIST_KEY_UISupportedInterfaceOrientations = UIInterfaceOrientationPortrait;
				INFOPLIST_KEY_UISupportedInterfaceOrientations_iPad = "UIInterfaceOrientationLandscapeLeft UIInterfaceOrientationLandscapeRight UIInterfaceOrientationPortrait UIInterfaceOrientationPortraitUpsideDown";
				LD_RUNPATH_SEARCH_PATHS = (
					"$(inherited)",
					"@executable_path/Frameworks",
				);
				MARKETING_VERSION = 1.0;
				PRODUCT_BUNDLE_IDENTIFIER = com.alessiobrusco.Swiftmas;
				PRODUCT_NAME = "$(TARGET_NAME)";
				SUPPORTED_PLATFORMS = "iphoneos iphonesimulator";
				SUPPORTS_MACCATALYST = NO;
				SWIFT_EMIT_LOC_STRINGS = YES;
				SWIFT_VERSION = 5.0;
				TARGETED_DEVICE_FAMILY = 1;
			};
			name = Release;
		};
		6CFB58332D09F2D80075FAEA /* Debug */ = {
			isa = XCBuildConfiguration;
			buildSettings = {
				ASSETCATALOG_COMPILER_GLOBAL_ACCENT_COLOR_NAME = AccentColor;
				ASSETCATALOG_COMPILER_WIDGET_BACKGROUND_COLOR_NAME = WidgetBackground;
				CODE_SIGN_STYLE = Automatic;
				CURRENT_PROJECT_VERSION = 1;
				DEVELOPMENT_TEAM = 6N3WR99Z4W;
				GENERATE_INFOPLIST_FILE = YES;
				INFOPLIST_FILE = Widgets/Info.plist;
				INFOPLIST_KEY_CFBundleDisplayName = SwiftmasWidgets;
				INFOPLIST_KEY_NSHumanReadableCopyright = "";
				LD_RUNPATH_SEARCH_PATHS = (
					"$(inherited)",
					"@executable_path/Frameworks",
					"@executable_path/../../Frameworks",
				);
				MARKETING_VERSION = 1.0;
				PRODUCT_BUNDLE_IDENTIFIER = com.alessiobrusco.Swiftmas.SwiftmasWidgets;
				PRODUCT_NAME = "$(TARGET_NAME)";
				SKIP_INSTALL = YES;
				SWIFT_EMIT_LOC_STRINGS = YES;
				SWIFT_VERSION = 5.0;
				TARGETED_DEVICE_FAMILY = "1,2";
			};
			name = Debug;
		};
		6CFB58342D09F2D80075FAEA /* Release */ = {
			isa = XCBuildConfiguration;
			buildSettings = {
				ASSETCATALOG_COMPILER_GLOBAL_ACCENT_COLOR_NAME = AccentColor;
				ASSETCATALOG_COMPILER_WIDGET_BACKGROUND_COLOR_NAME = WidgetBackground;
				CODE_SIGN_STYLE = Automatic;
				CURRENT_PROJECT_VERSION = 1;
				DEVELOPMENT_TEAM = 6N3WR99Z4W;
				GENERATE_INFOPLIST_FILE = YES;
				INFOPLIST_FILE = Widgets/Info.plist;
				INFOPLIST_KEY_CFBundleDisplayName = SwiftmasWidgets;
				INFOPLIST_KEY_NSHumanReadableCopyright = "";
				LD_RUNPATH_SEARCH_PATHS = (
					"$(inherited)",
					"@executable_path/Frameworks",
					"@executable_path/../../Frameworks",
				);
				MARKETING_VERSION = 1.0;
				PRODUCT_BUNDLE_IDENTIFIER = com.alessiobrusco.Swiftmas.SwiftmasWidgets;
				PRODUCT_NAME = "$(TARGET_NAME)";
				SKIP_INSTALL = YES;
				SWIFT_EMIT_LOC_STRINGS = YES;
				SWIFT_VERSION = 5.0;
				TARGETED_DEVICE_FAMILY = "1,2";
			};
			name = Release;
		};
/* End XCBuildConfiguration section */

/* Begin XCConfigurationList section */
		6CFB58022D09EE640075FAEA /* Build configuration list for PBXProject "Swiftmas" */ = {
			isa = XCConfigurationList;
			buildConfigurations = (
				6CFB58132D09EE640075FAEA /* Debug */,
				6CFB58142D09EE640075FAEA /* Release */,
			);
			defaultConfigurationIsVisible = 0;
			defaultConfigurationName = Release;
		};
		6CFB58152D09EE640075FAEA /* Build configuration list for PBXNativeTarget "Swiftmas" */ = {
			isa = XCConfigurationList;
			buildConfigurations = (
				6CFB58162D09EE640075FAEA /* Debug */,
				6CFB58172D09EE640075FAEA /* Release */,
			);
			defaultConfigurationIsVisible = 0;
			defaultConfigurationName = Release;
		};
		6CFB58322D09F2D80075FAEA /* Build configuration list for PBXNativeTarget "SwiftmasWidgetsExtension" */ = {
			isa = XCConfigurationList;
			buildConfigurations = (
				6CFB58332D09F2D80075FAEA /* Debug */,
				6CFB58342D09F2D80075FAEA /* Release */,
			);
			defaultConfigurationIsVisible = 0;
			defaultConfigurationName = Release;
		};
/* End XCConfigurationList section */

/* Begin XCSwiftPackageProductDependency section */
		6C2763532D11DDF8008634D6 /* SwiftmasData */ = {
			isa = XCSwiftPackageProductDependency;
			productName = SwiftmasData;
		};
		6C2763552D11DDFE008634D6 /* SwiftmasUI */ = {
			isa = XCSwiftPackageProductDependency;
			productName = SwiftmasUI;
		};
/* End XCSwiftPackageProductDependency section */
	};
	rootObject = 6CFB57FF2D09EE640075FAEA /* Project object */;
}
